
Microsoft Visual Studio Solution File, Format Version 12.00
# Visual Studio Version 17
VisualStudioVersion = 17.7.34018.315
MinimumVisualStudioVersion = 10.0.40219.1
Project("{FAE04EC0-301F-11D3-BF4B-00C04F79EFBC}") = "Uppgift3.3", "Uppgift3.3\Uppgift3.3.csproj", "{C4378353-ECB8-4333-8C5D-B79B04A84755}"
EndProject
Global
	GlobalSection(SolutionConfigurationPlatforms) = preSolution
		Debug|Any CPU = Debug|Any CPU
		Release|Any CPU = Release|Any CPU
	EndGlobalSection
	GlobalSection(ProjectConfigurationPlatforms) = postSolution
		{C4378353-ECB8-4333-8C5D-B79B04A84755}.Debug|Any CPU.ActiveCfg = Debug|Any CPU
		{C4378353-ECB8-4333-8C5D-B79B04A84755}.Debug|Any CPU.Build.0 = Debug|Any CPU
		{C4378353-ECB8-4333-8C5D-B79B04A84755}.Release|Any CPU.ActiveCfg = Release|Any CPU
		{C4378353-ECB8-4333-8C5D-B79B04A84755}.Release|Any CPU.Build.0 = Release|Any CPU
	EndGlobalSection
	GlobalSection(SolutionProperties) = preSolution
		HideSolutionNode = FALSE
	EndGlobalSection
	GlobalSection(ExtensibilityGlobals) = postSolution
		SolutionGuid = {D2F72866-EDB7-422E-9A30-4C4DD4E77325}
	EndGlobalSection
EndGlobal
